<?xml version="1.0" encoding="utf-8"?>
<Project ToolsVersion="4.0" xmlns="http://schemas.microsoft.com/developer/msbuild/2003">
  <ItemGroup>
    <ClCompile Include="Source\Math\Algebra\Wm5APoint.cpp" />
    <ClCompile Include="Source\Math\Algebra\Wm5AVector.cpp" />
    <ClCompile Include="Source\Math\Algebra\Wm5HMatrix.cpp" />
    <ClCompile Include="Source\Math\Algebra\Wm5HPlane.cpp" />
    <ClCompile Include="Source\Math\Algebra\Wm5HPoint.cpp" />
    <ClCompile Include="Source\Math\Algebra\Wm5HQuaternion.cpp" />
    <ClCompile Include="Source\Math\Algebra\Wm5Matrix2.cpp" />
    <ClCompile Include="Source\Math\Algebra\Wm5Matrix3.cpp" />
    <ClCompile Include="Source\Math\Algebra\Wm5Matrix4.cpp" />
    <ClCompile Include="Source\Math\Algebra\Wm5Quaternion.cpp" />
    <ClCompile Include="Source\Math\Algebra\Wm5Vector2.cpp" />
    <ClCompile Include="Source\Math\Algebra\Wm5Vector3.cpp" />
    <ClCompile Include="Source\Math\Algebra\Wm5Vector4.cpp" />
    <ClCompile Include="Source\Math\Assert\Wm5Assert.cpp" />
    <ClCompile Include="Source\Math\Base\Wm5BitHacks.cpp" />
    <ClCompile Include="Source\Math\Base\Wm5Math.cpp" />
    <ClCompile Include="Source\Math\InputOutput\Wm5BufferIO.cpp" />
    <ClCompile Include="Source\Math\InputOutput\Wm5Endian.cpp" />
    <ClCompile Include="Source\Math\InputOutput\Wm5Environment.cpp" />
    <ClCompile Include="Source\Math\InputOutput\Wm5FileIO.cpp" />
    <ClCompile Include="Source\Math\ObjectSystems\Wm5InitTerm.cpp" />
    <ClCompile Include="Source\Math\ObjectSystems\Wm5InStream.cpp" />
    <ClCompile Include="Source\Math\ObjectSystems\Wm5Object.cpp" />
    <ClCompile Include="Source\Math\ObjectSystems\Wm5OutStream.cpp" />
    <ClCompile Include="Source\Math\ObjectSystems\Wm5Rtti.cpp" />
    <ClCompile Include="Source\Math\ObjectSystems\Wm5Stream.cpp" />
    <ClCompile Include="Source\Math\Query\Wm5Query.cpp" />
    <ClCompile Include="Source\Math\Rational\Wm5IVector2.cpp" />
    <ClCompile Include="Source\Math\Rational\Wm5IVector3.cpp" />
    <ClCompile Include="Source\Math\Transformation\Wm5TransformBox3.cpp" />
    <ClCompile Include="Source\Math\Wm5Bound.cpp" />
    <ClCompile Include="Source\Math\Wm5CorePCH.cpp" />
    <ClCompile Include="Source\Math\Wm5MathematicsPCH.cpp" />
    <ClCompile Include="Source\Math\Wm5Transform.cpp" />
    <ClCompile Include="Source\Math\Memory\Wm5Memory.cpp" />
    <ClCompile Include="Source\Math\Memory\Wm5SmartPointer.cpp" />
    <ClCompile Include="Source\Core\ES2\RAES2CoreVisualEffects.cpp" />
    <ClCompile Include="Source\Core\ES2\RAES2IndexHardwareBuffer.cpp" />
    <ClCompile Include="Source\Core\ES2\RAES2OffScreenBuffer.cpp" />
    <ClCompile Include="Source\Core\ES2\RAES2Polyline.cpp" />
    <ClCompile Include="Source\Core\ES2\RAES2Polypoint.cpp" />
    <ClCompile Include="Source\Core\ES2\RAES2Renderable.cpp" />
    <ClCompile Include="Source\Core\ES2\RAES2ShaderProgram.cpp" />
    <ClCompile Include="Source\Core\ES2\RAES2ShaderUniforms.cpp" />
    <ClCompile Include="Source\Core\ES2\RAES2StandardMesh.cpp" />
    <ClCompile Include="Source\Core\ES2\RAES2Texture2D.cpp" />
    <ClCompile Include="Source\Core\ES2\RAES2TriMesh.cpp" />
    <ClCompile Include="Source\Core\ES2\RAES2VertexArray.cpp" />
    <ClCompile Include="Source\Core\ES2\RAES2VertexFormat.cpp" />
    <ClCompile Include="Source\Core\ES2\RAES2VertexHardwareBuffer.cpp" />
    <ClCompile Include="Source\Core\ES2\RAES2VisualEffect.cpp" />
    <ClCompile Include="Source\Core\ES2\RAES2VisualStates.cpp" />
    <ClCompile Include="Source\Core\Renderables\RAES2DefaultTriMesh.cpp" />
    <ClCompile Include="Source\Core\Scene\RANode.cpp" />
    <ClCompile Include="Source\Core\Scene\RASpatial.cpp" />
    <ClCompile Include="Source\Core\RAHardwareBuffer.cpp" />
    <ClCompile Include="Source\Core\RAIndexHardwareBuffer.cpp" />
    <ClCompile Include="Source\Core\RALogManager.cpp" />
    <ClCompile Include="Source\Core\RAMath.cpp" />
    <ClCompile Include="Source\Core\RATexture.cpp" />
    <ClCompile Include="Source\Core\RATextureBuffer.cpp" />
    <ClCompile Include="Source\Core\RATouchable.cpp" />
    <ClCompile Include="Source\Core\RAVertexBufferAccessor.cpp" />
    <ClCompile Include="Source\Core\RAVertexHardwareBuffer.cpp" />
    <ClCompile Include="Source\Core\RAVisibleSet.cpp" />
    <ClCompile Include="Source\Engine\RAAxisAlignedBBox.cpp" />
    <ClCompile Include="Source\Core\RAFileManager.cpp" />
    <ClCompile Include="Source\Math\Threading\Wm5Mutex.cpp" />
    <ClCompile Include="Source\Math\Threading\Wm5ScopedCS.cpp" />
    <ClCompile Include="Source\Math\Threading\Wm5Thread.cpp" />
    <ClCompile Include="Source\Math\Time\Wm5Time.cpp" />
    <ClCompile Include="Source\Core\Renderables\RAES2DefaultPolyline.cpp" />
    <ClCompile Include="Source\Core\Renderables\RAES2BBox.cpp" />
    <ClCompile Include="Source\Core\RASkeleton.cpp" />
    <ClCompile Include="Source\Core\ES2\RAES2Context.cpp" />
    <ClCompile Include="Source\Core\ES2\RAES2Renderer.cpp" />
    <ClCompile Include="Source\main.cpp" />
    <ClCompile Include="Source\Core\RAiOSCamera.cpp" />
    <ClCompile Include="Source\Core\RACamera.cpp" />
  </ItemGroup>
  <ItemGroup>
    <ClInclude Include="Source\Math\Algebra\Wm5APoint.h" />
    <ClInclude Include="Source\Math\Algebra\Wm5AVector.h" />
    <ClInclude Include="Source\Math\Algebra\Wm5BandedMatrix.h" />
    <ClInclude Include="Source\Math\Algebra\Wm5GMatrix.h" />
    <ClInclude Include="Source\Math\Algebra\Wm5GVector.h" />
    <ClInclude Include="Source\Math\Algebra\Wm5HMatrix.h" />
    <ClInclude Include="Source\Math\Algebra\Wm5HPlane.h" />
    <ClInclude Include="Source\Math\Algebra\Wm5HPoint.h" />
    <ClInclude Include="Source\Math\Algebra\Wm5HQuaternion.h" />
    <ClInclude Include="Source\Math\Algebra\Wm5Matrix2.h" />
    <ClInclude Include="Source\Math\Algebra\Wm5Matrix3.h" />
    <ClInclude Include="Source\Math\Algebra\Wm5Matrix4.h" />
    <ClInclude Include="Source\Math\Algebra\Wm5Polynomial1.h" />
    <ClInclude Include="Source\Math\Algebra\Wm5Quaternion.h" />
    <ClInclude Include="Source\Math\Algebra\Wm5Vector2.h" />
    <ClInclude Include="Source\Math\Algebra\Wm5Vector3.h" />
    <ClInclude Include="Source\Math\Algebra\Wm5Vector4.h" />
    <ClInclude Include="Source\Math\Assert\Wm5Assert.h" />
    <ClInclude Include="Source\Math\Base\Wm5BitHacks.h" />
    <ClInclude Include="Source\Math\Base\Wm5Float1.h" />
    <ClInclude Include="Source\Math\Base\Wm5Float2.h" />
    <ClInclude Include="Source\Math\Base\Wm5Float3.h" />
    <ClInclude Include="Source\Math\Base\Wm5Float4.h" />
    <ClInclude Include="Source\Math\Base\Wm5Math.h" />
    <ClInclude Include="Source\Math\DataTypes\Wm5MinHeap.h" />
    <ClInclude Include="Source\Math\DataTypes\Wm5Table.h" />
    <ClInclude Include="Source\Math\DataTypes\Wm5Tuple.h" />
    <ClInclude Include="Source\Math\InputOutput\Wm5BufferIO.h" />
    <ClInclude Include="Source\Math\InputOutput\Wm5Endian.h" />
    <ClInclude Include="Source\Math\InputOutput\Wm5Environment.h" />
    <ClInclude Include="Source\Math\InputOutput\Wm5FileIO.h" />
    <ClInclude Include="Source\Math\Objects2D\Wm5Arc2.h" />
    <ClInclude Include="Source\Math\Objects2D\Wm5AxisAlignedBox2.h" />
    <ClInclude Include="Source\Math\Objects2D\Wm5Box2.h" />
    <ClInclude Include="Source\Math\Objects2D\Wm5Circle2.h" />
    <ClInclude Include="Source\Math\Objects2D\Wm5ConvexPolygon2.h" />
    <ClInclude Include="Source\Math\Objects2D\Wm5Ellipse2.h" />
    <ClInclude Include="Source\Math\Objects2D\Wm5Line2.h" />
    <ClInclude Include="Source\Math\Objects2D\Wm5Polygon2.h" />
    <ClInclude Include="Source\Math\Objects2D\Wm5Ray2.h" />
    <ClInclude Include="Source\Math\Objects2D\Wm5Segment2.h" />
    <ClInclude Include="Source\Math\Objects2D\Wm5Triangle2.h" />
    <ClInclude Include="Source\Math\Objects3D\Wm5AxisAlignedBox3.h" />
    <ClInclude Include="Source\Math\Objects3D\Wm5Box3.h" />
    <ClInclude Include="Source\Math\Objects3D\Wm5Capsule3.h" />
    <ClInclude Include="Source\Math\Objects3D\Wm5Circle3.h" />
    <ClInclude Include="Source\Math\Objects3D\Wm5Cone3.h" />
    <ClInclude Include="Source\Math\Objects3D\Wm5ConvexPolyhedron3.h" />
    <ClInclude Include="Source\Math\Objects3D\Wm5Cylinder3.h" />
    <ClInclude Include="Source\Math\Objects3D\Wm5Ellipse3.h" />
    <ClInclude Include="Source\Math\Objects3D\Wm5Ellipsoid3.h" />
    <ClInclude Include="Source\Math\Objects3D\Wm5Frustum3.h" />
    <ClInclude Include="Source\Math\Objects3D\Wm5Line3.h" />
    <ClInclude Include="Source\Math\Objects3D\Wm5Lozenge3.h" />
    <ClInclude Include="Source\Math\Objects3D\Wm5Plane3.h" />
    <ClInclude Include="Source\Math\Objects3D\Wm5Polyhedron3.h" />
    <ClInclude Include="Source\Math\Objects3D\Wm5Ray3.h" />
    <ClInclude Include="Source\Math\Objects3D\Wm5Rectangle3.h" />
    <ClInclude Include="Source\Math\Objects3D\Wm5Segment3.h" />
    <ClInclude Include="Source\Math\Objects3D\Wm5Sphere3.h" />
    <ClInclude Include="Source\Math\Objects3D\Wm5Tetrahedron3.h" />
    <ClInclude Include="Source\Math\Objects3D\Wm5Torus3.h" />
    <ClInclude Include="Source\Math\Objects3D\Wm5Triangle3.h" />
    <ClInclude Include="Source\Math\ObjectSystems\Wm5InitTerm.h" />
    <ClInclude Include="Source\Math\ObjectSystems\Wm5InStream.h" />
    <ClInclude Include="Source\Math\ObjectSystems\Wm5Names.h" />
    <ClInclude Include="Source\Math\ObjectSystems\Wm5Object.h" />
    <ClInclude Include="Source\Math\ObjectSystems\Wm5OutStream.h" />
    <ClInclude Include="Source\Math\ObjectSystems\Wm5Rtti.h" />
    <ClInclude Include="Source\Math\ObjectSystems\Wm5Stream.h" />
    <ClInclude Include="Source\Math\Query\Wm5Query.h" />
    <ClInclude Include="Source\Math\Query\Wm5Query2.h" />
    <ClInclude Include="Source\Math\Query\Wm5Query2Filtered.h" />
    <ClInclude Include="Source\Math\Query\Wm5Query2Int64.h" />
    <ClInclude Include="Source\Math\Query\Wm5Query2Integer.h" />
    <ClInclude Include="Source\Math\Query\Wm5Query2Rational.h" />
    <ClInclude Include="Source\Math\Query\Wm5Query3.h" />
    <ClInclude Include="Source\Math\Query\Wm5Query3Filtered.h" />
    <ClInclude Include="Source\Math\Query\Wm5Query3Int64.h" />
    <ClInclude Include="Source\Math\Query\Wm5Query3Integer.h" />
    <ClInclude Include="Source\Math\Query\Wm5Query3Rational.h" />
    <ClInclude Include="Source\Math\Rational\Wm5Integer.h" />
    <ClInclude Include="Source\Math\Rational\Wm5IVector.h" />
    <ClInclude Include="Source\Math\Rational\Wm5IVector2.h" />
    <ClInclude Include="Source\Math\Rational\Wm5IVector3.h" />
    <ClInclude Include="Source\Math\Rational\Wm5Rational.h" />
    <ClInclude Include="Source\Math\Rational\Wm5RVector.h" />
    <ClInclude Include="Source\Math\Rational\Wm5RVector2.h" />
    <ClInclude Include="Source\Math\Rational\Wm5RVector3.h" />
    <ClInclude Include="Source\Math\Transformation\Wm5TransformBox3.h" />
    <ClInclude Include="Source\Math\Wm5Bound.h" />
    <ClInclude Include="Source\Math\Wm5Core.h" />
    <ClInclude Include="Source\Math\Wm5CoreLIB.h" />
    <ClInclude Include="Source\Math\Wm5CorePCH.h" />
    <ClInclude Include="Source\Math\Wm5Mathematics.h" />
    <ClInclude Include="Source\Math\Wm5MathematicsLIB.h" />
    <ClInclude Include="Source\Math\Wm5MathematicsPCH.h" />
    <ClInclude Include="Source\Math\Wm5Transform.h" />
    <ClInclude Include="Source\Math\Memory\Wm5Memory.h" />
    <ClInclude Include="Source\Math\Memory\Wm5SmartPointer.h" />
    <ClInclude Include="Source\RAEnginePrerequisites.h" />
    <ClInclude Include="Source\Math\Threading\Wm5Mutex.h" />
    <ClInclude Include="Source\Math\Threading\Wm5MutexType.h" />
    <ClInclude Include="Source\Math\Threading\Wm5ScopedCS.h" />
    <ClInclude Include="Source\Math\Threading\Wm5Thread.h" />
    <ClInclude Include="Source\Math\Threading\Wm5ThreadType.h" />
    <ClInclude Include="Source\Math\Time\Wm5Time.h" />
    <ClInclude Include="Source\Core\ES2\RAES2Renderer.h" />
  </ItemGroup>
  <ItemGroup>
    <None Include="Source\Math\Algebra\Wm5APoint.inl" />
    <None Include="Source\Math\Algebra\Wm5AVector.inl" />
    <None Include="Source\Math\Algebra\Wm5BandedMatrix.inl" />
    <None Include="Source\Math\Algebra\Wm5GMatrix.inl" />
    <None Include="Source\Math\Algebra\Wm5GVector.inl" />
    <None Include="Source\Math\Algebra\Wm5HMatrix.inl" />
    <None Include="Source\Math\Algebra\Wm5HPlane.inl" />
    <None Include="Source\Math\Algebra\Wm5HPoint.inl" />
    <None Include="Source\Math\Algebra\Wm5HQuaternion.inl" />
    <None Include="Source\Math\Algebra\Wm5Matrix2.inl" />
    <None Include="Source\Math\Algebra\Wm5Matrix3.inl" />
    <None Include="Source\Math\Algebra\Wm5Matrix4.inl" />
    <None Include="Source\Math\Algebra\Wm5Polynomial1.inl" />
    <None Include="Source\Math\Algebra\Wm5Quaternion.inl" />
    <None Include="Source\Math\Algebra\Wm5Vector2.inl" />
    <None Include="Source\Math\Algebra\Wm5Vector3.inl" />
    <None Include="Source\Math\Algebra\Wm5Vector4.inl" />
    <None Include="Source\Math\Base\Wm5BitHacks.inl" />
    <None Include="Source\Math\Base\Wm5Float1.inl" />
    <None Include="Source\Math\Base\Wm5Float2.inl" />
    <None Include="Source\Math\Base\Wm5Float3.inl" />
    <None Include="Source\Math\Base\Wm5Float4.inl" />
    <None Include="Source\Math\Base\Wm5Math.inl" />
    <None Include="Source\Math\DataTypes\Wm5MinHeap.inl" />
    <None Include="Source\Math\DataTypes\Wm5Table.inl" />
    <None Include="Source\Math\DataTypes\Wm5Tuple.inl" />
    <None Include="Source\Math\InputOutput\Wm5BufferIO.inl" />
    <None Include="Source\Math\InputOutput\Wm5FileIO.inl" />
    <None Include="Source\Math\Objects2D\Wm5Arc2.inl" />
    <None Include="Source\Math\Objects2D\Wm5AxisAlignedBox2.inl" />
    <None Include="Source\Math\Objects2D\Wm5Box2.inl" />
    <None Include="Source\Math\Objects2D\Wm5Circle2.inl" />
    <None Include="Source\Math\Objects2D\Wm5ConvexPolygon2.inl" />
    <None Include="Source\Math\Objects2D\Wm5Ellipse2.inl" />
    <None Include="Source\Math\Objects2D\Wm5Line2.inl" />
    <None Include="Source\Math\Objects2D\Wm5Polygon2.inl" />
    <None Include="Source\Math\Objects2D\Wm5Ray2.inl" />
    <None Include="Source\Math\Objects2D\Wm5Segment2.inl" />
    <None Include="Source\Math\Objects2D\Wm5Triangle2.inl" />
    <None Include="Source\Math\Objects3D\Wm5AxisAlignedBox3.inl" />
    <None Include="Source\Math\Objects3D\Wm5Box3.inl" />
    <None Include="Source\Math\Objects3D\Wm5Capsule3.inl" />
    <None Include="Source\Math\Objects3D\Wm5Circle3.inl" />
    <None Include="Source\Math\Objects3D\Wm5Cone3.inl" />
    <None Include="Source\Math\Objects3D\Wm5ConvexPolyhedron3.inl" />
    <None Include="Source\Math\Objects3D\Wm5Cylinder3.inl" />
    <None Include="Source\Math\Objects3D\Wm5Ellipse3.inl" />
    <None Include="Source\Math\Objects3D\Wm5Ellipsoid3.inl" />
    <None Include="Source\Math\Objects3D\Wm5Frustum3.inl" />
    <None Include="Source\Math\Objects3D\Wm5Line3.inl" />
    <None Include="Source\Math\Objects3D\Wm5Lozenge3.inl" />
    <None Include="Source\Math\Objects3D\Wm5Plane3.inl" />
    <None Include="Source\Math\Objects3D\Wm5Polyhedron3.inl" />
    <None Include="Source\Math\Objects3D\Wm5Ray3.inl" />
    <None Include="Source\Math\Objects3D\Wm5Rectangle3.inl" />
    <None Include="Source\Math\Objects3D\Wm5Segment3.inl" />
    <None Include="Source\Math\Objects3D\Wm5Sphere3.inl" />
    <None Include="Source\Math\Objects3D\Wm5Tetrahedron3.inl" />
    <None Include="Source\Math\Objects3D\Wm5Torus3.inl" />
    <None Include="Source\Math\Objects3D\Wm5Triangle3.inl" />
    <None Include="Source\Math\ObjectSystems\Wm5InStream.inl" />
    <None Include="Source\Math\ObjectSystems\Wm5Object.inl" />
    <None Include="Source\Math\ObjectSystems\Wm5OutStream.inl" />
    <None Include="Source\Math\ObjectSystems\Wm5Rtti.inl" />
    <None Include="Source\Math\Query\Wm5Query2.inl" />
    <None Include="Source\Math\Query\Wm5Query2Filtered.inl" />
    <None Include="Source\Math\Query\Wm5Query2Int64.inl" />
    <None Include="Source\Math\Query\Wm5Query2Integer.inl" />
    <None Include="Source\Math\Query\Wm5Query2Rational.inl" />
    <None Include="Source\Math\Query\Wm5Query3.inl" />
    <None Include="Source\Math\Query\Wm5Query3Filtered.inl" />
    <None Include="Source\Math\Query\Wm5Query3Int64.inl" />
    <None Include="Source\Math\Query\Wm5Query3Integer.inl" />
    <None Include="Source\Math\Query\Wm5Query3Rational.inl" />
    <None Include="Source\Math\Rational\Wm5Integer.inl" />
    <None Include="Source\Math\Rational\Wm5IVector.inl" />
    <None Include="Source\Math\Rational\Wm5IVector2.inl" />
    <None Include="Source\Math\Rational\Wm5IVector3.inl" />
    <None Include="Source\Math\Rational\Wm5Rational.inl" />
    <None Include="Source\Math\Rational\Wm5RVector.inl" />
    <None Include="Source\Math\Rational\Wm5RVector2.inl" />
    <None Include="Source\Math\Rational\Wm5RVector3.inl" />
    <None Include="Source\Math\Wm5Bound.inl" />
    <None Include="Source\Math\Wm5Transform.inl" />
    <None Include="Source\Math\Memory\Wm5Memory.inl" />
    <None Include="Source\Math\Memory\Wm5SmartPointer.inl" />
    <None Include="Source\Shaders\BonePackedNormal.fsh" />
  </ItemGroup>
</Project>